// !$*UTF8*$!
{
	archiveVersion = 1;
	classes = {
	};
	objectVersion = 50;
	objects = {

/* Begin PBXBuildFile section */
		E5BFBEB62608EDB800203417 /* Tests_iOS.swift in Sources */ = {isa = PBXBuildFile; fileRef = E5BFBEB52608EDB800203417 /* Tests_iOS.swift */; };
		E5BFBEC12608EDB800203417 /* Tests_macOS.swift in Sources */ = {isa = PBXBuildFile; fileRef = E5BFBEC02608EDB800203417 /* Tests_macOS.swift */; };
		E5BFBEC32608EDB800203417 /* Smithsonian.xcdatamodeld in Sources */ = {isa = PBXBuildFile; fileRef = E5BFBE972608EDB700203417 /* Smithsonian.xcdatamodeld */; };
		E5BFBEC42608EDB800203417 /* Smithsonian.xcdatamodeld in Sources */ = {isa = PBXBuildFile; fileRef = E5BFBE972608EDB700203417 /* Smithsonian.xcdatamodeld */; };
		E5BFBEC52608EDB800203417 /* SmithsonianApp.swift in Sources */ = {isa = PBXBuildFile; fileRef = E5BFBE992608EDB700203417 /* SmithsonianApp.swift */; };
		E5BFBEC62608EDB800203417 /* SmithsonianApp.swift in Sources */ = {isa = PBXBuildFile; fileRef = E5BFBE992608EDB700203417 /* SmithsonianApp.swift */; };
		E5BFBEC72608EDB800203417 /* ContentView.swift in Sources */ = {isa = PBXBuildFile; fileRef = E5BFBE9A2608EDB700203417 /* ContentView.swift */; };
		E5BFBECB2608EDB800203417 /* Assets.xcassets in Resources */ = {isa = PBXBuildFile; fileRef = E5BFBE9C2608EDB800203417 /* Assets.xcassets */; };
		E5BFBECC2608EDB800203417 /* Assets.xcassets in Resources */ = {isa = PBXBuildFile; fileRef = E5BFBE9C2608EDB800203417 /* Assets.xcassets */; };
		E5BFBEE12608EE1300203417 /* ModelManager.swift in Sources */ = {isa = PBXBuildFile; fileRef = E5BFBEE02608EE1300203417 /* ModelManager.swift */; };
		E5BFBEF42608EF7400203417 /* ContentView.swift in Sources */ = {isa = PBXBuildFile; fileRef = E5BFBEEE2608EF6A00203417 /* ContentView.swift */; };
		E5F7D90026091720006418E4 /* Constants.swift in Sources */ = {isa = PBXBuildFile; fileRef = E5F7D8FF26091720006418E4 /* Constants.swift */; };
		E5F7D90A26092D27006418E4 /* CoreDataStack.swift in Sources */ = {isa = PBXBuildFile; fileRef = E5F7D90926092D27006418E4 /* CoreDataStack.swift */; };
		E5F7D90B26092D27006418E4 /* CoreDataStack.swift in Sources */ = {isa = PBXBuildFile; fileRef = E5F7D90926092D27006418E4 /* CoreDataStack.swift */; };
		E5F7D918260932C5006418E4 /* Search+CoreDataClass.swift in Sources */ = {isa = PBXBuildFile; fileRef = E5F7D914260932C5006418E4 /* Search+CoreDataClass.swift */; };
		E5F7D91A260932C5006418E4 /* Search+CoreDataProperties.swift in Sources */ = {isa = PBXBuildFile; fileRef = E5F7D915260932C5006418E4 /* Search+CoreDataProperties.swift */; };
		E5F7D91C260932C5006418E4 /* Media+CoreDataClass.swift in Sources */ = {isa = PBXBuildFile; fileRef = E5F7D916260932C5006418E4 /* Media+CoreDataClass.swift */; };
		E5F7D91E260932C5006418E4 /* Media+CoreDataProperties.swift in Sources */ = {isa = PBXBuildFile; fileRef = E5F7D917260932C5006418E4 /* Media+CoreDataProperties.swift */; };
		E5F7D929260957F9006418E4 /* DecodeStructs.swift in Sources */ = {isa = PBXBuildFile; fileRef = E5F7D928260957F9006418E4 /* DecodeStructs.swift */; };
		E5F7D92A260957F9006418E4 /* DecodeStructs.swift in Sources */ = {isa = PBXBuildFile; fileRef = E5F7D928260957F9006418E4 /* DecodeStructs.swift */; };
		E5F7D934260A5BE1006418E4 /* SideCell.swift in Sources */ = {isa = PBXBuildFile; fileRef = E5F7D933260A5BE1006418E4 /* SideCell.swift */; };
		E5F7D935260A5BE1006418E4 /* SideCell.swift in Sources */ = {isa = PBXBuildFile; fileRef = E5F7D933260A5BE1006418E4 /* SideCell.swift */; };
		E5F7D93B260A7042006418E4 /* Extensions.swift in Sources */ = {isa = PBXBuildFile; fileRef = E5F7D93A260A7042006418E4 /* Extensions.swift */; };
		E5F7D93C260A7042006418E4 /* Extensions.swift in Sources */ = {isa = PBXBuildFile; fileRef = E5F7D93A260A7042006418E4 /* Extensions.swift */; };
		E5F7D946260A7333006418E4 /* Detail.swift in Sources */ = {isa = PBXBuildFile; fileRef = E5F7D945260A7333006418E4 /* Detail.swift */; };
		E5F7D947260A7333006418E4 /* Detail.swift in Sources */ = {isa = PBXBuildFile; fileRef = E5F7D945260A7333006418E4 /* Detail.swift */; };
/* End PBXBuildFile section */

/* Begin PBXContainerItemProxy section */
		E5BFBEB22608EDB800203417 /* PBXContainerItemProxy */ = {
			isa = PBXContainerItemProxy;
			containerPortal = E5BFBE922608EDB700203417 /* Project object */;
			proxyType = 1;
			remoteGlobalIDString = E5BFBEA02608EDB800203417;
			remoteInfo = "Smithsonian (iOS)";
		};
		E5BFBEBD2608EDB800203417 /* PBXContainerItemProxy */ = {
			isa = PBXContainerItemProxy;
			containerPortal = E5BFBE922608EDB700203417 /* Project object */;
			proxyType = 1;
			remoteGlobalIDString = E5BFBEA82608EDB800203417;
			remoteInfo = "Smithsonian (macOS)";
		};
/* End PBXContainerItemProxy section */

/* Begin PBXFileReference section */
		E5BFBE982608EDB700203417 /* Shared.xcdatamodel */ = {isa = PBXFileReference; lastKnownFileType = wrapper.xcdatamodel; path = Shared.xcdatamodel; sourceTree = "<group>"; };
		E5BFBE992608EDB700203417 /* SmithsonianApp.swift */ = {isa = PBXFileReference; lastKnownFileType = sourcecode.swift; path = SmithsonianApp.swift; sourceTree = "<group>"; };
		E5BFBE9A2608EDB700203417 /* ContentView.swift */ = {isa = PBXFileReference; lastKnownFileType = sourcecode.swift; path = ContentView.swift; sourceTree = "<group>"; };
		E5BFBE9C2608EDB800203417 /* Assets.xcassets */ = {isa = PBXFileReference; lastKnownFileType = folder.assetcatalog; path = Assets.xcassets; sourceTree = "<group>"; };
		E5BFBEA12608EDB800203417 /* Smithsonian.app */ = {isa = PBXFileReference; explicitFileType = wrapper.application; includeInIndex = 0; path = Smithsonian.app; sourceTree = BUILT_PRODUCTS_DIR; };
		E5BFBEA42608EDB800203417 /* Info.plist */ = {isa = PBXFileReference; lastKnownFileType = text.plist.xml; path = Info.plist; sourceTree = "<group>"; };
		E5BFBEA92608EDB800203417 /* Smithsonian.app */ = {isa = PBXFileReference; explicitFileType = wrapper.application; includeInIndex = 0; path = Smithsonian.app; sourceTree = BUILT_PRODUCTS_DIR; };
		E5BFBEAB2608EDB800203417 /* Info.plist */ = {isa = PBXFileReference; lastKnownFileType = text.plist.xml; path = Info.plist; sourceTree = "<group>"; };
		E5BFBEAC2608EDB800203417 /* macOS.entitlements */ = {isa = PBXFileReference; lastKnownFileType = text.plist.entitlements; path = macOS.entitlements; sourceTree = "<group>"; };
		E5BFBEB12608EDB800203417 /* Tests iOS.xctest */ = {isa = PBXFileReference; explicitFileType = wrapper.cfbundle; includeInIndex = 0; path = "Tests iOS.xctest"; sourceTree = BUILT_PRODUCTS_DIR; };
		E5BFBEB52608EDB800203417 /* Tests_iOS.swift */ = {isa = PBXFileReference; lastKnownFileType = sourcecode.swift; path = Tests_iOS.swift; sourceTree = "<group>"; };
		E5BFBEB72608EDB800203417 /* Info.plist */ = {isa = PBXFileReference; lastKnownFileType = text.plist.xml; path = Info.plist; sourceTree = "<group>"; };
		E5BFBEBC2608EDB800203417 /* Tests macOS.xctest */ = {isa = PBXFileReference; explicitFileType = wrapper.cfbundle; includeInIndex = 0; path = "Tests macOS.xctest"; sourceTree = BUILT_PRODUCTS_DIR; };
		E5BFBEC02608EDB800203417 /* Tests_macOS.swift */ = {isa = PBXFileReference; lastKnownFileType = sourcecode.swift; path = Tests_macOS.swift; sourceTree = "<group>"; };
		E5BFBEC22608EDB800203417 /* Info.plist */ = {isa = PBXFileReference; lastKnownFileType = text.plist.xml; path = Info.plist; sourceTree = "<group>"; };
		E5BFBEE02608EE1300203417 /* ModelManager.swift */ = {isa = PBXFileReference; lastKnownFileType = sourcecode.swift; path = ModelManager.swift; sourceTree = "<group>"; };
		E5BFBEEE2608EF6A00203417 /* ContentView.swift */ = {isa = PBXFileReference; fileEncoding = 4; lastKnownFileType = sourcecode.swift; name = ContentView.swift; path = macOS/ContentView.swift; sourceTree = SOURCE_ROOT; };
		E5F7D8FF26091720006418E4 /* Constants.swift */ = {isa = PBXFileReference; lastKnownFileType = sourcecode.swift; path = Constants.swift; sourceTree = "<group>"; };
		E5F7D90926092D27006418E4 /* CoreDataStack.swift */ = {isa = PBXFileReference; fileEncoding = 4; lastKnownFileType = sourcecode.swift; path = CoreDataStack.swift; sourceTree = "<group>"; };
		E5F7D914260932C5006418E4 /* Search+CoreDataClass.swift */ = {isa = PBXFileReference; lastKnownFileType = sourcecode.swift; path = "Search+CoreDataClass.swift"; sourceTree = "<group>"; };
		E5F7D915260932C5006418E4 /* Search+CoreDataProperties.swift */ = {isa = PBXFileReference; lastKnownFileType = sourcecode.swift; path = "Search+CoreDataProperties.swift"; sourceTree = "<group>"; };
		E5F7D916260932C5006418E4 /* Media+CoreDataClass.swift */ = {isa = PBXFileReference; lastKnownFileType = sourcecode.swift; path = "Media+CoreDataClass.swift"; sourceTree = "<group>"; };
		E5F7D917260932C5006418E4 /* Media+CoreDataProperties.swift */ = {isa = PBXFileReference; lastKnownFileType = sourcecode.swift; path = "Media+CoreDataProperties.swift"; sourceTree = "<group>"; };
		E5F7D928260957F9006418E4 /* DecodeStructs.swift */ = {isa = PBXFileReference; lastKnownFileType = sourcecode.swift; path = DecodeStructs.swift; sourceTree = "<group>"; };
		E5F7D933260A5BE1006418E4 /* SideCell.swift */ = {isa = PBXFileReference; lastKnownFileType = sourcecode.swift; path = SideCell.swift; sourceTree = "<group>"; };
		E5F7D93A260A7042006418E4 /* Extensions.swift */ = {isa = PBXFileReference; lastKnownFileType = sourcecode.swift; path = Extensions.swift; sourceTree = "<group>"; };
		E5F7D945260A7333006418E4 /* Detail.swift */ = {isa = PBXFileReference; lastKnownFileType = sourcecode.swift; path = Detail.swift; sourceTree = "<group>"; };
/* End PBXFileReference section */

/* Begin PBXFrameworksBuildPhase section */
		E5BFBE9E2608EDB800203417 /* Frameworks */ = {
			isa = PBXFrameworksBuildPhase;
			buildActionMask = 2147483647;
			files = (
			);
			runOnlyForDeploymentPostprocessing = 0;
		};
		E5BFBEA62608EDB800203417 /* Frameworks */ = {
			isa = PBXFrameworksBuildPhase;
			buildActionMask = 2147483647;
			files = (
			);
			runOnlyForDeploymentPostprocessing = 0;
		};
		E5BFBEAE2608EDB800203417 /* Frameworks */ = {
			isa = PBXFrameworksBuildPhase;
			buildActionMask = 2147483647;
			files = (
			);
			runOnlyForDeploymentPostprocessing = 0;
		};
		E5BFBEB92608EDB800203417 /* Frameworks */ = {
			isa = PBXFrameworksBuildPhase;
			buildActionMask = 2147483647;
			files = (
			);
			runOnlyForDeploymentPostprocessing = 0;
		};
/* End PBXFrameworksBuildPhase section */

/* Begin PBXGroup section */
		E5BFBE912608EDB700203417 = {
			isa = PBXGroup;
			children = (
				E5BFBE962608EDB700203417 /* Shared */,
				E5BFBEA32608EDB800203417 /* iOS */,
				E5BFBEAA2608EDB800203417 /* macOS */,
				E5BFBEB42608EDB800203417 /* Tests iOS */,
				E5BFBEBF2608EDB800203417 /* Tests macOS */,
				E5BFBEA22608EDB800203417 /* Products */,
			);
			sourceTree = "<group>";
		};
		E5BFBE962608EDB700203417 /* Shared */ = {
			isa = PBXGroup;
			children = (
				E5BFBE992608EDB700203417 /* SmithsonianApp.swift */,
				E5F7D8FF26091720006418E4 /* Constants.swift */,
				E5F7D90926092D27006418E4 /* CoreDataStack.swift */,
				E5F7D93A260A7042006418E4 /* Extensions.swift */,
				E5BFBEDF2608EDF900203417 /* Model */,
				E5BFBE9C2608EDB800203417 /* Assets.xcassets */,
			);
			path = Shared;
			sourceTree = "<group>";
		};
		E5BFBEA22608EDB800203417 /* Products */ = {
			isa = PBXGroup;
			children = (
				E5BFBEA12608EDB800203417 /* Smithsonian.app */,
				E5BFBEA92608EDB800203417 /* Smithsonian.app */,
				E5BFBEB12608EDB800203417 /* Tests iOS.xctest */,
				E5BFBEBC2608EDB800203417 /* Tests macOS.xctest */,
			);
			name = Products;
			sourceTree = "<group>";
		};
		E5BFBEA32608EDB800203417 /* iOS */ = {
			isa = PBXGroup;
			children = (
				E5BFBE9A2608EDB700203417 /* ContentView.swift */,
				E5BFBEA42608EDB800203417 /* Info.plist */,
				E5F7D933260A5BE1006418E4 /* SideCell.swift */,
				E5F7D945260A7333006418E4 /* Detail.swift */,
			);
			path = iOS;
			sourceTree = "<group>";
		};
		E5BFBEAA2608EDB800203417 /* macOS */ = {
			isa = PBXGroup;
			children = (
				E5BFBEEE2608EF6A00203417 /* ContentView.swift */,
				E5BFBEAB2608EDB800203417 /* Info.plist */,
				E5BFBEAC2608EDB800203417 /* macOS.entitlements */,
			);
			path = macOS;
			sourceTree = "<group>";
		};
		E5BFBEB42608EDB800203417 /* Tests iOS */ = {
			isa = PBXGroup;
			children = (
				E5BFBEB52608EDB800203417 /* Tests_iOS.swift */,
				E5BFBEB72608EDB800203417 /* Info.plist */,
			);
			path = "Tests iOS";
			sourceTree = "<group>";
		};
		E5BFBEBF2608EDB800203417 /* Tests macOS */ = {
			isa = PBXGroup;
			children = (
				E5BFBEC02608EDB800203417 /* Tests_macOS.swift */,
				E5BFBEC22608EDB800203417 /* Info.plist */,
			);
			path = "Tests macOS";
			sourceTree = "<group>";
		};
		E5BFBEDF2608EDF900203417 /* Model */ = {
			isa = PBXGroup;
			children = (
				E5BFBEE02608EE1300203417 /* ModelManager.swift */,
				E5F7D928260957F9006418E4 /* DecodeStructs.swift */,
				E5F7D914260932C5006418E4 /* Search+CoreDataClass.swift */,
				E5F7D915260932C5006418E4 /* Search+CoreDataProperties.swift */,
				E5F7D916260932C5006418E4 /* Media+CoreDataClass.swift */,
				E5F7D917260932C5006418E4 /* Media+CoreDataProperties.swift */,
				E5BFBE972608EDB700203417 /* Smithsonian.xcdatamodeld */,
			);
			path = Model;
			sourceTree = "<group>";
		};
/* End PBXGroup section */

/* Begin PBXNativeTarget section */
		E5BFBEA02608EDB800203417 /* Smithsonian (iOS) */ = {
			isa = PBXNativeTarget;
			buildConfigurationList = E5BFBECF2608EDB800203417 /* Build configuration list for PBXNativeTarget "Smithsonian (iOS)" */;
			buildPhases = (
				E5BFBE9D2608EDB800203417 /* Sources */,
				E5BFBE9E2608EDB800203417 /* Frameworks */,
				E5BFBE9F2608EDB800203417 /* Resources */,
			);
			buildRules = (
			);
			dependencies = (
			);
			name = "Smithsonian (iOS)";
			productName = "Smithsonian (iOS)";
			productReference = E5BFBEA12608EDB800203417 /* Smithsonian.app */;
			productType = "com.apple.product-type.application";
		};
		E5BFBEA82608EDB800203417 /* Smithsonian (macOS) */ = {
			isa = PBXNativeTarget;
			buildConfigurationList = E5BFBED22608EDB800203417 /* Build configuration list for PBXNativeTarget "Smithsonian (macOS)" */;
			buildPhases = (
				E5BFBEA52608EDB800203417 /* Sources */,
				E5BFBEA62608EDB800203417 /* Frameworks */,
				E5BFBEA72608EDB800203417 /* Resources */,
			);
			buildRules = (
			);
			dependencies = (
			);
			name = "Smithsonian (macOS)";
			productName = "Smithsonian (macOS)";
			productReference = E5BFBEA92608EDB800203417 /* Smithsonian.app */;
			productType = "com.apple.product-type.application";
		};
		E5BFBEB02608EDB800203417 /* Tests iOS */ = {
			isa = PBXNativeTarget;
			buildConfigurationList = E5BFBED52608EDB800203417 /* Build configuration list for PBXNativeTarget "Tests iOS" */;
			buildPhases = (
				E5BFBEAD2608EDB800203417 /* Sources */,
				E5BFBEAE2608EDB800203417 /* Frameworks */,
				E5BFBEAF2608EDB800203417 /* Resources */,
			);
			buildRules = (
			);
			dependencies = (
				E5BFBEB32608EDB800203417 /* PBXTargetDependency */,
			);
			name = "Tests iOS";
			productName = "Tests iOS";
			productReference = E5BFBEB12608EDB800203417 /* Tests iOS.xctest */;
			productType = "com.apple.product-type.bundle.ui-testing";
		};
		E5BFBEBB2608EDB800203417 /* Tests macOS */ = {
			isa = PBXNativeTarget;
			buildConfigurationList = E5BFBED82608EDB800203417 /* Build configuration list for PBXNativeTarget "Tests macOS" */;
			buildPhases = (
				E5BFBEB82608EDB800203417 /* Sources */,
				E5BFBEB92608EDB800203417 /* Frameworks */,
				E5BFBEBA2608EDB800203417 /* Resources */,
			);
			buildRules = (
			);
			dependencies = (
				E5BFBEBE2608EDB800203417 /* PBXTargetDependency */,
			);
			name = "Tests macOS";
			productName = "Tests macOS";
			productReference = E5BFBEBC2608EDB800203417 /* Tests macOS.xctest */;
			productType = "com.apple.product-type.bundle.ui-testing";
		};
/* End PBXNativeTarget section */

/* Begin PBXProject section */
		E5BFBE922608EDB700203417 /* Project object */ = {
			isa = PBXProject;
			attributes = {
				LastSwiftUpdateCheck = 1240;
				LastUpgradeCheck = 1240;
				TargetAttributes = {
					E5BFBEA02608EDB800203417 = {
						CreatedOnToolsVersion = 12.4;
					};
					E5BFBEA82608EDB800203417 = {
						CreatedOnToolsVersion = 12.4;
					};
					E5BFBEB02608EDB800203417 = {
						CreatedOnToolsVersion = 12.4;
						TestTargetID = E5BFBEA02608EDB800203417;
					};
					E5BFBEBB2608EDB800203417 = {
						CreatedOnToolsVersion = 12.4;
						TestTargetID = E5BFBEA82608EDB800203417;
					};
				};
			};
			buildConfigurationList = E5BFBE952608EDB700203417 /* Build configuration list for PBXProject "Smithsonian" */;
			compatibilityVersion = "Xcode 9.3";
			developmentRegion = en;
			hasScannedForEncodings = 0;
			knownRegions = (
				en,
				Base,
			);
			mainGroup = E5BFBE912608EDB700203417;
			productRefGroup = E5BFBEA22608EDB800203417 /* Products */;
			projectDirPath = "";
			projectRoot = "";
			targets = (
				E5BFBEA02608EDB800203417 /* Smithsonian (iOS) */,
				E5BFBEA82608EDB800203417 /* Smithsonian (macOS) */,
				E5BFBEB02608EDB800203417 /* Tests iOS */,
				E5BFBEBB2608EDB800203417 /* Tests macOS */,
			);
		};
/* End PBXProject section */

/* Begin PBXResourcesBuildPhase section */
		E5BFBE9F2608EDB800203417 /* Resources */ = {
			isa = PBXResourcesBuildPhase;
			buildActionMask = 2147483647;
			files = (
				E5BFBECB2608EDB800203417 /* Assets.xcassets in Resources */,
			);
			runOnlyForDeploymentPostprocessing = 0;
		};
		E5BFBEA72608EDB800203417 /* Resources */ = {
			isa = PBXResourcesBuildPhase;
			buildActionMask = 2147483647;
			files = (
				E5BFBECC2608EDB800203417 /* Assets.xcassets in Resources */,
			);
			runOnlyForDeploymentPostprocessing = 0;
		};
		E5BFBEAF2608EDB800203417 /* Resources */ = {
			isa = PBXResourcesBuildPhase;
			buildActionMask = 2147483647;
			files = (
			);
			runOnlyForDeploymentPostprocessing = 0;
		};
		E5BFBEBA2608EDB800203417 /* Resources */ = {
			isa = PBXResourcesBuildPhase;
			buildActionMask = 2147483647;
			files = (
			);
			runOnlyForDeploymentPostprocessing = 0;
		};
/* End PBXResourcesBuildPhase section */

/* Begin PBXSourcesBuildPhase section */
		E5BFBE9D2608EDB800203417 /* Sources */ = {
			isa = PBXSourcesBuildPhase;
			buildActionMask = 2147483647;
			files = (
				E5F7D934260A5BE1006418E4 /* SideCell.swift in Sources */,
				E5F7D90A26092D27006418E4 /* CoreDataStack.swift in Sources */,
				E5BFBEC32608EDB800203417 /* Smithsonian.xcdatamodeld in Sources */,
				E5F7D91E260932C5006418E4 /* Media+CoreDataProperties.swift in Sources */,
				E5F7D929260957F9006418E4 /* DecodeStructs.swift in Sources */,
				E5BFBEE12608EE1300203417 /* ModelManager.swift in Sources */,
				E5F7D91A260932C5006418E4 /* Search+CoreDataProperties.swift in Sources */,
				E5BFBEC52608EDB800203417 /* SmithsonianApp.swift in Sources */,
				E5BFBEC72608EDB800203417 /* ContentView.swift in Sources */,
				E5F7D90026091720006418E4 /* Constants.swift in Sources */,
				E5F7D946260A7333006418E4 /* Detail.swift in Sources */,
				E5F7D91C260932C5006418E4 /* Media+CoreDataClass.swift in Sources */,
				E5F7D918260932C5006418E4 /* Search+CoreDataClass.swift in Sources */,
				E5F7D93B260A7042006418E4 /* Extensions.swift in Sources */,
			);
			runOnlyForDeploymentPostprocessing = 0;
		};
		E5BFBEA52608EDB800203417 /* Sources */ = {
			isa = PBXSourcesBuildPhase;
			buildActionMask = 2147483647;
			files = (
				E5F7D90B26092D27006418E4 /* CoreDataStack.swift in Sources */,
				E5BFBEC42608EDB800203417 /* Smithsonian.xcdatamodeld in Sources */,
				E5F7D947260A7333006418E4 /* Detail.swift in Sources */,
				E5F7D935260A5BE1006418E4 /* SideCell.swift in Sources */,
				E5F7D93C260A7042006418E4 /* Extensions.swift in Sources */,
				E5BFBEF42608EF7400203417 /* ContentView.swift in Sources */,
				E5F7D92A260957F9006418E4 /* DecodeStructs.swift in Sources */,
				E5BFBEC62608EDB800203417 /* SmithsonianApp.swift in Sources */,
			);
			runOnlyForDeploymentPostprocessing = 0;
		};
		E5BFBEAD2608EDB800203417 /* Sources */ = {
			isa = PBXSourcesBuildPhase;
			buildActionMask = 2147483647;
			files = (
				E5BFBEB62608EDB800203417 /* Tests_iOS.swift in Sources */,
			);
			runOnlyForDeploymentPostprocessing = 0;
		};
		E5BFBEB82608EDB800203417 /* Sources */ = {
			isa = PBXSourcesBuildPhase;
			buildActionMask = 2147483647;
			files = (
				E5BFBEC12608EDB800203417 /* Tests_macOS.swift in Sources */,
			);
			runOnlyForDeploymentPostprocessing = 0;
		};
/* End PBXSourcesBuildPhase section */

/* Begin PBXTargetDependency section */
		E5BFBEB32608EDB800203417 /* PBXTargetDependency */ = {
			isa = PBXTargetDependency;
			target = E5BFBEA02608EDB800203417 /* Smithsonian (iOS) */;
			targetProxy = E5BFBEB22608EDB800203417 /* PBXContainerItemProxy */;
		};
		E5BFBEBE2608EDB800203417 /* PBXTargetDependency */ = {
			isa = PBXTargetDependency;
			target = E5BFBEA82608EDB800203417 /* Smithsonian (macOS) */;
			targetProxy = E5BFBEBD2608EDB800203417 /* PBXContainerItemProxy */;
		};
/* End PBXTargetDependency section */

/* Begin XCBuildConfiguration section */
		E5BFBECD2608EDB800203417 /* Debug */ = {
			isa = XCBuildConfiguration;
			buildSettings = {
				ALWAYS_SEARCH_USER_PATHS = NO;
				CLANG_ANALYZER_NONNULL = YES;
				CLANG_ANALYZER_NUMBER_OBJECT_CONVERSION = YES_AGGRESSIVE;
				CLANG_CXX_LANGUAGE_STANDARD = "gnu++14";
				CLANG_CXX_LIBRARY = "libc++";
				CLANG_ENABLE_MODULES = YES;
				CLANG_ENABLE_OBJC_ARC = YES;
				CLANG_ENABLE_OBJC_WEAK = YES;
				CLANG_WARN_BLOCK_CAPTURE_AUTORELEASING = YES;
				CLANG_WARN_BOOL_CONVERSION = YES;
				CLANG_WARN_COMMA = YES;
				CLANG_WARN_CONSTANT_CONVERSION = YES;
				CLANG_WARN_DEPRECATED_OBJC_IMPLEMENTATIONS = YES;
				CLANG_WARN_DIRECT_OBJC_ISA_USAGE = YES_ERROR;
				CLANG_WARN_DOCUMENTATION_COMMENTS = YES;
				CLANG_WARN_EMPTY_BODY = YES;
				CLANG_WARN_ENUM_CONVERSION = YES;
				CLANG_WARN_INFINITE_RECURSION = YES;
				CLANG_WARN_INT_CONVERSION = YES;
				CLANG_WARN_NON_LITERAL_NULL_CONVERSION = YES;
				CLANG_WARN_OBJC_IMPLICIT_RETAIN_SELF = YES;
				CLANG_WARN_OBJC_LITERAL_CONVERSION = YES;
				CLANG_WARN_OBJC_ROOT_CLASS = YES_ERROR;
				CLANG_WARN_QUOTED_INCLUDE_IN_FRAMEWORK_HEADER = YES;
				CLANG_WARN_RANGE_LOOP_ANALYSIS = YES;
				CLANG_WARN_STRICT_PROTOTYPES = YES;
				CLANG_WARN_SUSPICIOUS_MOVE = YES;
				CLANG_WARN_UNGUARDED_AVAILABILITY = YES_AGGRESSIVE;
				CLANG_WARN_UNREACHABLE_CODE = YES;
				CLANG_WARN__DUPLICATE_METHOD_MATCH = YES;
				COPY_PHASE_STRIP = NO;
				DEBUG_INFORMATION_FORMAT = dwarf;
				ENABLE_STRICT_OBJC_MSGSEND = YES;
				ENABLE_TESTABILITY = YES;
				GCC_C_LANGUAGE_STANDARD = gnu11;
				GCC_DYNAMIC_NO_PIC = NO;
				GCC_NO_COMMON_BLOCKS = YES;
				GCC_OPTIMIZATION_LEVEL = 0;
				GCC_PREPROCESSOR_DEFINITIONS = (
					"DEBUG=1",
					"$(inherited)",
				);
				GCC_WARN_64_TO_32_BIT_CONVERSION = YES;
				GCC_WARN_ABOUT_RETURN_TYPE = YES_ERROR;
				GCC_WARN_UNDECLARED_SELECTOR = YES;
				GCC_WARN_UNINITIALIZED_AUTOS = YES_AGGRESSIVE;
				GCC_WARN_UNUSED_FUNCTION = YES;
				GCC_WARN_UNUSED_VARIABLE = YES;
				MTL_ENABLE_DEBUG_INFO = INCLUDE_SOURCE;
				MTL_FAST_MATH = YES;
				ONLY_ACTIVE_ARCH = YES;
				SWIFT_ACTIVE_COMPILATION_CONDITIONS = DEBUG;
				SWIFT_OPTIMIZATION_LEVEL = "-Onone";
			};
			name = Debug;
		};
		E5BFBECE2608EDB800203417 /* Release */ = {
			isa = XCBuildConfiguration;
			buildSettings = {
				ALWAYS_SEARCH_USER_PATHS = NO;
				CLANG_ANALYZER_NONNULL = YES;
				CLANG_ANALYZER_NUMBER_OBJECT_CONVERSION = YES_AGGRESSIVE;
				CLANG_CXX_LANGUAGE_STANDARD = "gnu++14";
				CLANG_CXX_LIBRARY = "libc++";
				CLANG_ENABLE_MODULES = YES;
				CLANG_ENABLE_OBJC_ARC = YES;
				CLANG_ENABLE_OBJC_WEAK = YES;
				CLANG_WARN_BLOCK_CAPTURE_AUTORELEASING = YES;
				CLANG_WARN_BOOL_CONVERSION = YES;
				CLANG_WARN_COMMA = YES;
				CLANG_WARN_CONSTANT_CONVERSION = YES;
				CLANG_WARN_DEPRECATED_OBJC_IMPLEMENTATIONS = YES;
				CLANG_WARN_DIRECT_OBJC_ISA_USAGE = YES_ERROR;
				CLANG_WARN_DOCUMENTATION_COMMENTS = YES;
				CLANG_WARN_EMPTY_BODY = YES;
				CLANG_WARN_ENUM_CONVERSION = YES;
				CLANG_WARN_INFINITE_RECURSION = YES;
				CLANG_WARN_INT_CONVERSION = YES;
				CLANG_WARN_NON_LITERAL_NULL_CONVERSION = YES;
				CLANG_WARN_OBJC_IMPLICIT_RETAIN_SELF = YES;
				CLANG_WARN_OBJC_LITERAL_CONVERSION = YES;
				CLANG_WARN_OBJC_ROOT_CLASS = YES_ERROR;
				CLANG_WARN_QUOTED_INCLUDE_IN_FRAMEWORK_HEADER = YES;
				CLANG_WARN_RANGE_LOOP_ANALYSIS = YES;
				CLANG_WARN_STRICT_PROTOTYPES = YES;
				CLANG_WARN_SUSPICIOUS_MOVE = YES;
				CLANG_WARN_UNGUARDED_AVAILABILITY = YES_AGGRESSIVE;
				CLANG_WARN_UNREACHABLE_CODE = YES;
				CLANG_WARN__DUPLICATE_METHOD_MATCH = YES;
				COPY_PHASE_STRIP = NO;
				DEBUG_INFORMATION_FORMAT = "dwarf-with-dsym";
				ENABLE_NS_ASSERTIONS = NO;
				ENABLE_STRICT_OBJC_MSGSEND = YES;
				GCC_C_LANGUAGE_STANDARD = gnu11;
				GCC_NO_COMMON_BLOCKS = YES;
				GCC_WARN_64_TO_32_BIT_CONVERSION = YES;
				GCC_WARN_ABOUT_RETURN_TYPE = YES_ERROR;
				GCC_WARN_UNDECLARED_SELECTOR = YES;
				GCC_WARN_UNINITIALIZED_AUTOS = YES_AGGRESSIVE;
				GCC_WARN_UNUSED_FUNCTION = YES;
				GCC_WARN_UNUSED_VARIABLE = YES;
				MTL_ENABLE_DEBUG_INFO = NO;
				MTL_FAST_MATH = YES;
				SWIFT_COMPILATION_MODE = wholemodule;
				SWIFT_OPTIMIZATION_LEVEL = "-O";
			};
			name = Release;
		};
		E5BFBED02608EDB800203417 /* Debug */ = {
			isa = XCBuildConfiguration;
			buildSettings = {
				ASSETCATALOG_COMPILER_APPICON_NAME = AppIcon;
				ASSETCATALOG_COMPILER_GLOBAL_ACCENT_COLOR_NAME = AccentColor;
				CODE_SIGN_STYLE = Automatic;
				DEVELOPMENT_TEAM = JWZRQH3NLH;
				ENABLE_PREVIEWS = YES;
				INFOPLIST_FILE = iOS/Info.plist;
				IPHONEOS_DEPLOYMENT_TARGET = 14.0;
				LD_RUNPATH_SEARCH_PATHS = (
					"$(inherited)",
					"@executable_path/Frameworks",
				);
				PRODUCT_BUNDLE_IDENTIFIER = com.torimaru.Smithsonian;
				PRODUCT_NAME = Smithsonian;
				SDKROOT = iphoneos;
				SWIFT_VERSION = 5.0;
				TARGETED_DEVICE_FAMILY = "1,2";
			};
			name = Debug;
		};
		E5BFBED12608EDB800203417 /* Release */ = {
			isa = XCBuildConfiguration;
			buildSettings = {
				ASSETCATALOG_COMPILER_APPICON_NAME = AppIcon;
				ASSETCATALOG_COMPILER_GLOBAL_ACCENT_COLOR_NAME = AccentColor;
				CODE_SIGN_STYLE = Automatic;
				DEVELOPMENT_TEAM = JWZRQH3NLH;
				ENABLE_PREVIEWS = YES;
				INFOPLIST_FILE = iOS/Info.plist;
				IPHONEOS_DEPLOYMENT_TARGET = 14.0;
				LD_RUNPATH_SEARCH_PATHS = (
					"$(inherited)",
					"@executable_path/Frameworks",
				);
				PRODUCT_BUNDLE_IDENTIFIER = com.torimaru.Smithsonian;
				PRODUCT_NAME = Smithsonian;
				SDKROOT = iphoneos;
				SWIFT_VERSION = 5.0;
				TARGETED_DEVICE_FAMILY = "1,2";
				VALIDATE_PRODUCT = YES;
			};
			name = Release;
		};
		E5BFBED32608EDB800203417 /* Debug */ = {
			isa = XCBuildConfiguration;
			buildSettings = {
				ASSETCATALOG_COMPILER_APPICON_NAME = AppIcon;
				ASSETCATALOG_COMPILER_GLOBAL_ACCENT_COLOR_NAME = AccentColor;
				CODE_SIGN_ENTITLEMENTS = macOS/macOS.entitlements;
				CODE_SIGN_STYLE = Automatic;
				COMBINE_HIDPI_IMAGES = YES;
				DEVELOPMENT_TEAM = JWZRQH3NLH;
				ENABLE_HARDENED_RUNTIME = YES;
				ENABLE_PREVIEWS = YES;
				INFOPLIST_FILE = macOS/Info.plist;
				LD_RUNPATH_SEARCH_PATHS = (
					"$(inherited)",
					"@executable_path/../Frameworks",
				);
				MACOSX_DEPLOYMENT_TARGET = 11.0;
				PRODUCT_BUNDLE_IDENTIFIER = com.torimaru.Smithsonian;
				PRODUCT_NAME = Smithsonian;
				SDKROOT = macosx;
				SWIFT_VERSION = 5.0;
			};
			name = Debug;
		};
		E5BFBED42608EDB800203417 /* Release */ = {
			isa = XCBuildConfiguration;
			buildSettings = {
				ASSETCATALOG_COMPILER_APPICON_NAME = AppIcon;
				ASSETCATALOG_COMPILER_GLOBAL_ACCENT_COLOR_NAME = AccentColor;
				CODE_SIGN_ENTITLEMENTS = macOS/macOS.entitlements;
				CODE_SIGN_STYLE = Automatic;
				COMBINE_HIDPI_IMAGES = YES;
				DEVELOPMENT_TEAM = JWZRQH3NLH;
				ENABLE_HARDENED_RUNTIME = YES;
				ENABLE_PREVIEWS = YES;
				INFOPLIST_FILE = macOS/Info.plist;
				LD_RUNPATH_SEARCH_PATHS = (
					"$(inherited)",
					"@executable_path/../Frameworks",
				);
				MACOSX_DEPLOYMENT_TARGET = 11.0;
				PRODUCT_BUNDLE_IDENTIFIER = com.torimaru.Smithsonian;
				PRODUCT_NAME = Smithsonian;
				SDKROOT = macosx;
				SWIFT_VERSION = 5.0;
			};
			name = Release;
		};
		E5BFBED62608EDB800203417 /* Debug */ = {
			isa = XCBuildConfiguration;
			buildSettings = {
				ALWAYS_EMBED_SWIFT_STANDARD_LIBRARIES = YES;
				CODE_SIGN_STYLE = Automatic;
				DEVELOPMENT_TEAM = JWZRQH3NLH;
				INFOPLIST_FILE = "Tests iOS/Info.plist";
				IPHONEOS_DEPLOYMENT_TARGET = 14.4;
				LD_RUNPATH_SEARCH_PATHS = (
					"$(inherited)",
					"@executable_path/Frameworks",
					"@loader_path/Frameworks",
				);
				PRODUCT_BUNDLE_IDENTIFIER = "com.torimaru.Tests-iOS";
				PRODUCT_NAME = "$(TARGET_NAME)";
				SDKROOT = iphoneos;
				SWIFT_VERSION = 5.0;
				TARGETED_DEVICE_FAMILY = "1,2";
				TEST_TARGET_NAME = "Smithsonian (iOS)";
			};
			name = Debug;
		};
		E5BFBED72608EDB800203417 /* Release */ = {
			isa = XCBuildConfiguration;
			buildSettings = {
				ALWAYS_EMBED_SWIFT_STANDARD_LIBRARIES = YES;
				CODE_SIGN_STYLE = Automatic;
				DEVELOPMENT_TEAM = JWZRQH3NLH;
				INFOPLIST_FILE = "Tests iOS/Info.plist";
				IPHONEOS_DEPLOYMENT_TARGET = 14.4;
				LD_RUNPATH_SEARCH_PATHS = (
					"$(inherited)",
					"@executable_path/Frameworks",
					"@loader_path/Frameworks",
				);
				PRODUCT_BUNDLE_IDENTIFIER = "com.torimaru.Tests-iOS";
				PRODUCT_NAME = "$(TARGET_NAME)";
				SDKROOT = iphoneos;
				SWIFT_VERSION = 5.0;
				TARGETED_DEVICE_FAMILY = "1,2";
				TEST_TARGET_NAME = "Smithsonian (iOS)";
				VALIDATE_PRODUCT = YES;
			};
			name = Release;
		};
		E5BFBED92608EDB800203417 /* Debug */ = {
			isa = XCBuildConfiguration;
			buildSettings = {
				ALWAYS_EMBED_SWIFT_STANDARD_LIBRARIES = YES;
				CODE_SIGN_STYLE = Automatic;
				COMBINE_HIDPI_IMAGES = YES;
				DEVELOPMENT_TEAM = JWZRQH3NLH;
				INFOPLIST_FILE = "Tests macOS/Info.plist";
				LD_RUNPATH_SEARCH_PATHS = (
					"$(inherited)",
					"@executable_path/../Frameworks",
					"@loader_path/../Frameworks",
				);
				MACOSX_DEPLOYMENT_TARGET = 11.1;
				PRODUCT_BUNDLE_IDENTIFIER = "com.torimaru.Tests-macOS";
				PRODUCT_NAME = "$(TARGET_NAME)";
				SDKROOT = macosx;
				SWIFT_VERSION = 5.0;
				TEST_TARGET_NAME = "Smithsonian (macOS)";
			};
			name = Debug;
		};
		E5BFBEDA2608EDB800203417 /* Release */ = {
			isa = XCBuildConfiguration;
			buildSettings = {
				ALWAYS_EMBED_SWIFT_STANDARD_LIBRARIES = YES;
				CODE_SIGN_STYLE = Automatic;
				COMBINE_HIDPI_IMAGES = YES;
				DEVELOPMENT_TEAM = JWZRQH3NLH;
				INFOPLIST_FILE = "Tests macOS/Info.plist";
				LD_RUNPATH_SEARCH_PATHS = (
					"$(inherited)",
					"@executable_path/../Frameworks",
					"@loader_path/../Frameworks",
				);
				MACOSX_DEPLOYMENT_TARGET = 11.1;
				PRODUCT_BUNDLE_IDENTIFIER = "com.torimaru.Tests-macOS";
				PRODUCT_NAME = "$(TARGET_NAME)";
				SDKROOT = macosx;
				SWIFT_VERSION = 5.0;
				TEST_TARGET_NAME = "Smithsonian (macOS)";
			};
			name = Release;
		};
/* End XCBuildConfiguration section */

/* Begin XCConfigurationList section */
		E5BFBE952608EDB700203417 /* Build configuration list for PBXProject "Smithsonian" */ = {
			isa = XCConfigurationList;
			buildConfigurations = (
				E5BFBECD2608EDB800203417 /* Debug */,
				E5BFBECE2608EDB800203417 /* Release */,
			);
			defaultConfigurationIsVisible = 0;
			defaultConfigurationName = Release;
		};
		E5BFBECF2608EDB800203417 /* Build configuration list for PBXNativeTarget "Smithsonian (iOS)" */ = {
			isa = XCConfigurationList;
			buildConfigurations = (
				E5BFBED02608EDB800203417 /* Debug */,
				E5BFBED12608EDB800203417 /* Release */,
			);
			defaultConfigurationIsVisible = 0;
			defaultConfigurationName = Release;
		};
		E5BFBED22608EDB800203417 /* Build configuration list for PBXNativeTarget "Smithsonian (macOS)" */ = {
			isa = XCConfigurationList;
			buildConfigurations = (
				E5BFBED32608EDB800203417 /* Debug */,
				E5BFBED42608EDB800203417 /* Release */,
			);
			defaultConfigurationIsVisible = 0;
			defaultConfigurationName = Release;
		};
		E5BFBED52608EDB800203417 /* Build configuration list for PBXNativeTarget "Tests iOS" */ = {
			isa = XCConfigurationList;
			buildConfigurations = (
				E5BFBED62608EDB800203417 /* Debug */,
				E5BFBED72608EDB800203417 /* Release */,
			);
			defaultConfigurationIsVisible = 0;
			defaultConfigurationName = Release;
		};
		E5BFBED82608EDB800203417 /* Build configuration list for PBXNativeTarget "Tests macOS" */ = {
			isa = XCConfigurationList;
			buildConfigurations = (
				E5BFBED92608EDB800203417 /* Debug */,
				E5BFBEDA2608EDB800203417 /* Release */,
			);
			defaultConfigurationIsVisible = 0;
			defaultConfigurationName = Release;
		};
/* End XCConfigurationList section */

/* Begin XCVersionGroup section */
		E5BFBE972608EDB700203417 /* Smithsonian.xcdatamodeld */ = {
			isa = XCVersionGroup;
			children = (
				E5BFBE982608EDB700203417 /* Shared.xcdatamodel */,
			);
			currentVersion = E5BFBE982608EDB700203417 /* Shared.xcdatamodel */;
			path = Smithsonian.xcdatamodeld;
			sourceTree = "<group>";
			versionGroupType = wrapper.xcdatamodel;
		};
/* End XCVersionGroup section */
	};
	rootObject = E5BFBE922608EDB700203417 /* Project object */;
}
